
Microsoft Visual Studio Solution File, Format Version 12.00
# Visual Studio Version 17
VisualStudioVersion = 17.5.33627.172
MinimumVisualStudioVersion = 10.0.40219.1
Project("{9A19103F-16F7-4668-BE54-9A1E7A4F7556}") = "ProyectoCanchitaPIII", "ProyectoCanchitaPIII\ProyectoCanchitaPIII.csproj", "{42269CA8-E276-4341-8E85-7B1C27F68445}"
EndProject
Project("{FAE04EC0-301F-11D3-BF4B-00C04F79EFBC}") = "Models", "Models\Models.csproj", "{8096D730-052B-4A16-912B-21539014BB87}"
EndProject
Project("{FAE04EC0-301F-11D3-BF4B-00C04F79EFBC}") = "Services", "Services\Services.csproj", "{B0DEC232-0886-46E0-8758-8CD4997A8455}"
EndProject
Global
	GlobalSection(SolutionConfigurationPlatforms) = preSolution
		Debug|Any CPU = Debug|Any CPU
		Release|Any CPU = Release|Any CPU
	EndGlobalSection
	GlobalSection(ProjectConfigurationPlatforms) = postSolution
		{42269CA8-E276-4341-8E85-7B1C27F68445}.Debug|Any CPU.ActiveCfg = Debug|Any CPU
		{42269CA8-E276-4341-8E85-7B1C27F68445}.Debug|Any CPU.Build.0 = Debug|Any CPU
		{42269CA8-E276-4341-8E85-7B1C27F68445}.Release|Any CPU.ActiveCfg = Release|Any CPU
		{42269CA8-E276-4341-8E85-7B1C27F68445}.Release|Any CPU.Build.0 = Release|Any CPU
		{8096D730-052B-4A16-912B-21539014BB87}.Debug|Any CPU.ActiveCfg = Debug|Any CPU
		{8096D730-052B-4A16-912B-21539014BB87}.Debug|Any CPU.Build.0 = Debug|Any CPU
		{8096D730-052B-4A16-912B-21539014BB87}.Release|Any CPU.ActiveCfg = Release|Any CPU
		{8096D730-052B-4A16-912B-21539014BB87}.Release|Any CPU.Build.0 = Release|Any CPU
		{B0DEC232-0886-46E0-8758-8CD4997A8455}.Debug|Any CPU.ActiveCfg = Debug|Any CPU
		{B0DEC232-0886-46E0-8758-8CD4997A8455}.Debug|Any CPU.Build.0 = Debug|Any CPU
		{B0DEC232-0886-46E0-8758-8CD4997A8455}.Release|Any CPU.ActiveCfg = Release|Any CPU
		{B0DEC232-0886-46E0-8758-8CD4997A8455}.Release|Any CPU.Build.0 = Release|Any CPU
	EndGlobalSection
	GlobalSection(SolutionProperties) = preSolution
		HideSolutionNode = FALSE
	EndGlobalSection
	GlobalSection(ExtensibilityGlobals) = postSolution
		SolutionGuid = {BC07E42A-2BDC-4EF2-AB94-FCB2BA43A252}
	EndGlobalSection
EndGlobal
